
Microsoft Visual Studio Solution File, Format Version 12.00
# Visual Studio 15
VisualStudioVersion = 15.0.28010.2050
MinimumVisualStudioVersion = 10.0.40219.1
Project("{FAE04EC0-301F-11D3-BF4B-00C04F79EFBC}") = "First 8-22-19", "First 8-22-19\First 8-22-19.csproj", "{CDCAC086-9BDA-4254-8978-A93E9942C084}"
EndProject
Global
	GlobalSection(SolutionConfigurationPlatforms) = preSolution
		Debug|Any CPU = Debug|Any CPU
		Release|Any CPU = Release|Any CPU
	EndGlobalSection
	GlobalSection(ProjectConfigurationPlatforms) = postSolution
		{CDCAC086-9BDA-4254-8978-A93E9942C084}.Debug|Any CPU.ActiveCfg = Debug|Any CPU
		{CDCAC086-9BDA-4254-8978-A93E9942C084}.Debug|Any CPU.Build.0 = Debug|Any CPU
		{CDCAC086-9BDA-4254-8978-A93E9942C084}.Release|Any CPU.ActiveCfg = Release|Any CPU
		{CDCAC086-9BDA-4254-8978-A93E9942C084}.Release|Any CPU.Build.0 = Release|Any CPU
	EndGlobalSection
	GlobalSection(SolutionProperties) = preSolution
		HideSolutionNode = FALSE
	EndGlobalSection
	GlobalSection(ExtensibilityGlobals) = postSolution
		SolutionGuid = {506D984E-41EB-4C00-B02C-6E7C637D6C0E}
	EndGlobalSection
EndGlobal
